
Microsoft Visual Studio Solution File, Format Version 12.00
# Visual Studio Version 16
VisualStudioVersion = 16.0.28803.352
MinimumVisualStudioVersion = 10.0.40219.1
Project("{FAE04EC0-301F-11D3-BF4B-00C04F79EFBC}") = "CoreMiddleware", "CoreMiddleware\CoreMiddleware.csproj", "{6361E4CB-B500-48B1-9EFC-16217AAA1448}"
EndProject
Global
	GlobalSection(SolutionConfigurationPlatforms) = preSolution
		Debug|Any CPU = Debug|Any CPU
		Release|Any CPU = Release|Any CPU
	EndGlobalSection
	GlobalSection(ProjectConfigurationPlatforms) = postSolution
		{6361E4CB-B500-48B1-9EFC-16217AAA1448}.Debug|Any CPU.ActiveCfg = Debug|Any CPU
		{6361E4CB-B500-48B1-9EFC-16217AAA1448}.Debug|Any CPU.Build.0 = Debug|Any CPU
		{6361E4CB-B500-48B1-9EFC-16217AAA1448}.Release|Any CPU.ActiveCfg = Release|Any CPU
		{6361E4CB-B500-48B1-9EFC-16217AAA1448}.Release|Any CPU.Build.0 = Release|Any CPU
	EndGlobalSection
	GlobalSection(SolutionProperties) = preSolution
		HideSolutionNode = FALSE
	EndGlobalSection
	GlobalSection(ExtensibilityGlobals) = postSolution
		SolutionGuid = {EC5A978F-D732-4061-901B-211C947EA438}
	EndGlobalSection
EndGlobal
